// !$*UTF8*$!
{
	archiveVersion = 1;
	classes = {
	};
	objectVersion = 50;
	objects = {

/* Begin PBXBuildFile section */
		4A3912C624C188AD0056FCAF /* SearchVC.swift in Sources */ = {isa = PBXBuildFile; fileRef = 4A3912C524C188AD0056FCAF /* SearchVC.swift */; };
		4A3912C824C189440056FCAF /* SearchTableViewCell.swift in Sources */ = {isa = PBXBuildFile; fileRef = 4A3912C724C189440056FCAF /* SearchTableViewCell.swift */; };
		4A3912CB24C18A400056FCAF /* SearchVM.swift in Sources */ = {isa = PBXBuildFile; fileRef = 4A3912CA24C18A400056FCAF /* SearchVM.swift */; };
		4A3912CD24C18D860056FCAF /* SearchTableViewCellVM.swift in Sources */ = {isa = PBXBuildFile; fileRef = 4A3912CC24C18D860056FCAF /* SearchTableViewCellVM.swift */; };
		4A3912D224C195110056FCAF /* Bindable.swift in Sources */ = {isa = PBXBuildFile; fileRef = 4A3912D124C195100056FCAF /* Bindable.swift */; };
		4AB656E524BEF39600207F4E /* AppDelegate.swift in Sources */ = {isa = PBXBuildFile; fileRef = 4AB656E424BEF39600207F4E /* AppDelegate.swift */; };
		4AB656E724BEF39600207F4E /* SceneDelegate.swift in Sources */ = {isa = PBXBuildFile; fileRef = 4AB656E624BEF39600207F4E /* SceneDelegate.swift */; };
		4AB656E924BEF39600207F4E /* ViewController.swift in Sources */ = {isa = PBXBuildFile; fileRef = 4AB656E824BEF39600207F4E /* ViewController.swift */; };
		4AB656EC24BEF39600207F4E /* Main.storyboard in Resources */ = {isa = PBXBuildFile; fileRef = 4AB656EA24BEF39600207F4E /* Main.storyboard */; };
		4AB656EE24BEF39900207F4E /* Assets.xcassets in Resources */ = {isa = PBXBuildFile; fileRef = 4AB656ED24BEF39900207F4E /* Assets.xcassets */; };
		4AB656F124BEF39900207F4E /* LaunchScreen.storyboard in Resources */ = {isa = PBXBuildFile; fileRef = 4AB656EF24BEF39900207F4E /* LaunchScreen.storyboard */; };
		4AB656FC24BEF39900207F4E /* Weather_ApplicationTests.swift in Sources */ = {isa = PBXBuildFile; fileRef = 4AB656FB24BEF39900207F4E /* Weather_ApplicationTests.swift */; };
		4AB6570724BEF39900207F4E /* Weather_ApplicationUITests.swift in Sources */ = {isa = PBXBuildFile; fileRef = 4AB6570624BEF39900207F4E /* Weather_ApplicationUITests.swift */; };
		4ABB145B24C05639003A3681 /* CitiesService.swift in Sources */ = {isa = PBXBuildFile; fileRef = 4ABB145A24C05639003A3681 /* CitiesService.swift */; };
		4ABB145D24C05BEA003A3681 /* city.list.json in Resources */ = {isa = PBXBuildFile; fileRef = 4ABB145C24C05BEA003A3681 /* city.list.json */; };
		4AD43D2A24BF175F003944E8 /* WeatherAPI.swift in Sources */ = {isa = PBXBuildFile; fileRef = 4AD43D2924BF175F003944E8 /* WeatherAPI.swift */; };
		4AD43D2C24BF1793003944E8 /* EndPointType.swift in Sources */ = {isa = PBXBuildFile; fileRef = 4AD43D2B24BF1793003944E8 /* EndPointType.swift */; };
		4AD43D3024BF2066003944E8 /* Constants.swift in Sources */ = {isa = PBXBuildFile; fileRef = 4AD43D2F24BF2066003944E8 /* Constants.swift */; };
		4AD43D3324BF2199003944E8 /* HTTPMethod.swift in Sources */ = {isa = PBXBuildFile; fileRef = 4AD43D3224BF2199003944E8 /* HTTPMethod.swift */; };
		4AD43D3524BF21AD003944E8 /* HTTPTask.swift in Sources */ = {isa = PBXBuildFile; fileRef = 4AD43D3424BF21AD003944E8 /* HTTPTask.swift */; };
		4AD43D3724BF220D003944E8 /* HTTPParameterEncoder.swift in Sources */ = {isa = PBXBuildFile; fileRef = 4AD43D3624BF220D003944E8 /* HTTPParameterEncoder.swift */; };
		4AD43D3924BF23DD003944E8 /* HTTPURLParameterEncoder.swift in Sources */ = {isa = PBXBuildFile; fileRef = 4AD43D3824BF23DD003944E8 /* HTTPURLParameterEncoder.swift */; };
		4AD43D3C24BF2556003944E8 /* NetworkRouter.swift in Sources */ = {isa = PBXBuildFile; fileRef = 4AD43D3B24BF2556003944E8 /* NetworkRouter.swift */; };
		4AD43D3E24BF2574003944E8 /* Router.swift in Sources */ = {isa = PBXBuildFile; fileRef = 4AD43D3D24BF2574003944E8 /* Router.swift */; };
		4AD43D4124BF2605003944E8 /* NetworkHandler.swift in Sources */ = {isa = PBXBuildFile; fileRef = 4AD43D4024BF2605003944E8 /* NetworkHandler.swift */; };
		4AD43D4424BF27A0003944E8 /* DataModelDecoder.swift in Sources */ = {isa = PBXBuildFile; fileRef = 4AD43D4324BF27A0003944E8 /* DataModelDecoder.swift */; };
		4AD43D4724BF27F2003944E8 /* ErrorModel.swift in Sources */ = {isa = PBXBuildFile; fileRef = 4AD43D4624BF27F2003944E8 /* ErrorModel.swift */; };
		4AD43D4A24BF29BA003944E8 /* Network Reachability.swift in Sources */ = {isa = PBXBuildFile; fileRef = 4AD43D4924BF29BA003944E8 /* Network Reachability.swift */; };
		4AD43D4C24BF449B003944E8 /* WeatherForecastResult.swift in Sources */ = {isa = PBXBuildFile; fileRef = 4AD43D4B24BF449B003944E8 /* WeatherForecastResult.swift */; };
		4AD43D4E24BF4638003944E8 /* WeatherForecastModel.swift in Sources */ = {isa = PBXBuildFile; fileRef = 4AD43D4D24BF4638003944E8 /* WeatherForecastModel.swift */; };
		4AD43D5024BF498B003944E8 /* WeatherDescriptionModel.swift in Sources */ = {isa = PBXBuildFile; fileRef = 4AD43D4F24BF498B003944E8 /* WeatherDescriptionModel.swift */; };
		4AD43D5224BF4A66003944E8 /* WeatherMeasurementModel.swift in Sources */ = {isa = PBXBuildFile; fileRef = 4AD43D5124BF4A66003944E8 /* WeatherMeasurementModel.swift */; };
		4AD43D5424BF4ECD003944E8 /* CityModel.swift in Sources */ = {isa = PBXBuildFile; fileRef = 4AD43D5324BF4ECD003944E8 /* CityModel.swift */; };
		4AD43D5724BF505F003944E8 /* WeatherForecastService.swift in Sources */ = {isa = PBXBuildFile; fileRef = 4AD43D5624BF505F003944E8 /* WeatherForecastService.swift */; };
/* End PBXBuildFile section */

/* Begin PBXContainerItemProxy section */
		4AB656F824BEF39900207F4E /* PBXContainerItemProxy */ = {
			isa = PBXContainerItemProxy;
			containerPortal = 4AB656D924BEF39600207F4E /* Project object */;
			proxyType = 1;
			remoteGlobalIDString = 4AB656E024BEF39600207F4E;
			remoteInfo = "Weather Application";
		};
		4AB6570324BEF39900207F4E /* PBXContainerItemProxy */ = {
			isa = PBXContainerItemProxy;
			containerPortal = 4AB656D924BEF39600207F4E /* Project object */;
			proxyType = 1;
			remoteGlobalIDString = 4AB656E024BEF39600207F4E;
			remoteInfo = "Weather Application";
		};
/* End PBXContainerItemProxy section */

/* Begin PBXFileReference section */
		4A3912C524C188AD0056FCAF /* SearchVC.swift */ = {isa = PBXFileReference; lastKnownFileType = sourcecode.swift; path = SearchVC.swift; sourceTree = "<group>"; };
		4A3912C724C189440056FCAF /* SearchTableViewCell.swift */ = {isa = PBXFileReference; lastKnownFileType = sourcecode.swift; path = SearchTableViewCell.swift; sourceTree = "<group>"; };
		4A3912CA24C18A400056FCAF /* SearchVM.swift */ = {isa = PBXFileReference; lastKnownFileType = sourcecode.swift; path = SearchVM.swift; sourceTree = "<group>"; };
		4A3912CC24C18D860056FCAF /* SearchTableViewCellVM.swift */ = {isa = PBXFileReference; lastKnownFileType = sourcecode.swift; path = SearchTableViewCellVM.swift; sourceTree = "<group>"; };
		4A3912D124C195100056FCAF /* Bindable.swift */ = {isa = PBXFileReference; fileEncoding = 4; lastKnownFileType = sourcecode.swift; path = Bindable.swift; sourceTree = "<group>"; };
		4AB656E124BEF39600207F4E /* Weather Application.app */ = {isa = PBXFileReference; explicitFileType = wrapper.application; includeInIndex = 0; path = "Weather Application.app"; sourceTree = BUILT_PRODUCTS_DIR; };
		4AB656E424BEF39600207F4E /* AppDelegate.swift */ = {isa = PBXFileReference; lastKnownFileType = sourcecode.swift; path = AppDelegate.swift; sourceTree = "<group>"; };
		4AB656E624BEF39600207F4E /* SceneDelegate.swift */ = {isa = PBXFileReference; lastKnownFileType = sourcecode.swift; path = SceneDelegate.swift; sourceTree = "<group>"; };
		4AB656E824BEF39600207F4E /* ViewController.swift */ = {isa = PBXFileReference; lastKnownFileType = sourcecode.swift; path = ViewController.swift; sourceTree = "<group>"; };
		4AB656EB24BEF39600207F4E /* Base */ = {isa = PBXFileReference; lastKnownFileType = file.storyboard; name = Base; path = Base.lproj/Main.storyboard; sourceTree = "<group>"; };
		4AB656ED24BEF39900207F4E /* Assets.xcassets */ = {isa = PBXFileReference; lastKnownFileType = folder.assetcatalog; path = Assets.xcassets; sourceTree = "<group>"; };
		4AB656F024BEF39900207F4E /* Base */ = {isa = PBXFileReference; lastKnownFileType = file.storyboard; name = Base; path = Base.lproj/LaunchScreen.storyboard; sourceTree = "<group>"; };
		4AB656F224BEF39900207F4E /* Info.plist */ = {isa = PBXFileReference; lastKnownFileType = text.plist.xml; path = Info.plist; sourceTree = "<group>"; };
		4AB656F724BEF39900207F4E /* Weather ApplicationTests.xctest */ = {isa = PBXFileReference; explicitFileType = wrapper.cfbundle; includeInIndex = 0; path = "Weather ApplicationTests.xctest"; sourceTree = BUILT_PRODUCTS_DIR; };
		4AB656FB24BEF39900207F4E /* Weather_ApplicationTests.swift */ = {isa = PBXFileReference; lastKnownFileType = sourcecode.swift; path = Weather_ApplicationTests.swift; sourceTree = "<group>"; };
		4AB656FD24BEF39900207F4E /* Info.plist */ = {isa = PBXFileReference; lastKnownFileType = text.plist.xml; path = Info.plist; sourceTree = "<group>"; };
		4AB6570224BEF39900207F4E /* Weather ApplicationUITests.xctest */ = {isa = PBXFileReference; explicitFileType = wrapper.cfbundle; includeInIndex = 0; path = "Weather ApplicationUITests.xctest"; sourceTree = BUILT_PRODUCTS_DIR; };
		4AB6570624BEF39900207F4E /* Weather_ApplicationUITests.swift */ = {isa = PBXFileReference; lastKnownFileType = sourcecode.swift; path = Weather_ApplicationUITests.swift; sourceTree = "<group>"; };
		4AB6570824BEF39900207F4E /* Info.plist */ = {isa = PBXFileReference; lastKnownFileType = text.plist.xml; path = Info.plist; sourceTree = "<group>"; };
		4ABB145A24C05639003A3681 /* CitiesService.swift */ = {isa = PBXFileReference; lastKnownFileType = sourcecode.swift; path = CitiesService.swift; sourceTree = "<group>"; };
		4ABB145C24C05BEA003A3681 /* city.list.json */ = {isa = PBXFileReference; fileEncoding = 4; lastKnownFileType = text.json; path = city.list.json; sourceTree = "<group>"; };
		4AD43D2924BF175F003944E8 /* WeatherAPI.swift */ = {isa = PBXFileReference; lastKnownFileType = sourcecode.swift; path = WeatherAPI.swift; sourceTree = "<group>"; };
		4AD43D2B24BF1793003944E8 /* EndPointType.swift */ = {isa = PBXFileReference; lastKnownFileType = sourcecode.swift; path = EndPointType.swift; sourceTree = "<group>"; };
		4AD43D2F24BF2066003944E8 /* Constants.swift */ = {isa = PBXFileReference; lastKnownFileType = sourcecode.swift; path = Constants.swift; sourceTree = "<group>"; };
		4AD43D3224BF2199003944E8 /* HTTPMethod.swift */ = {isa = PBXFileReference; lastKnownFileType = sourcecode.swift; path = HTTPMethod.swift; sourceTree = "<group>"; };
		4AD43D3424BF21AD003944E8 /* HTTPTask.swift */ = {isa = PBXFileReference; lastKnownFileType = sourcecode.swift; path = HTTPTask.swift; sourceTree = "<group>"; };
		4AD43D3624BF220D003944E8 /* HTTPParameterEncoder.swift */ = {isa = PBXFileReference; lastKnownFileType = sourcecode.swift; path = HTTPParameterEncoder.swift; sourceTree = "<group>"; };
		4AD43D3824BF23DD003944E8 /* HTTPURLParameterEncoder.swift */ = {isa = PBXFileReference; lastKnownFileType = sourcecode.swift; path = HTTPURLParameterEncoder.swift; sourceTree = "<group>"; };
		4AD43D3B24BF2556003944E8 /* NetworkRouter.swift */ = {isa = PBXFileReference; lastKnownFileType = sourcecode.swift; path = NetworkRouter.swift; sourceTree = "<group>"; };
		4AD43D3D24BF2574003944E8 /* Router.swift */ = {isa = PBXFileReference; lastKnownFileType = sourcecode.swift; path = Router.swift; sourceTree = "<group>"; };
		4AD43D4024BF2605003944E8 /* NetworkHandler.swift */ = {isa = PBXFileReference; lastKnownFileType = sourcecode.swift; path = NetworkHandler.swift; sourceTree = "<group>"; };
		4AD43D4324BF27A0003944E8 /* DataModelDecoder.swift */ = {isa = PBXFileReference; lastKnownFileType = sourcecode.swift; path = DataModelDecoder.swift; sourceTree = "<group>"; };
		4AD43D4624BF27F2003944E8 /* ErrorModel.swift */ = {isa = PBXFileReference; lastKnownFileType = sourcecode.swift; path = ErrorModel.swift; sourceTree = "<group>"; };
		4AD43D4924BF29BA003944E8 /* Network Reachability.swift */ = {isa = PBXFileReference; lastKnownFileType = sourcecode.swift; path = "Network Reachability.swift"; sourceTree = "<group>"; };
		4AD43D4B24BF449B003944E8 /* WeatherForecastResult.swift */ = {isa = PBXFileReference; lastKnownFileType = sourcecode.swift; path = WeatherForecastResult.swift; sourceTree = "<group>"; };
		4AD43D4D24BF4638003944E8 /* WeatherForecastModel.swift */ = {isa = PBXFileReference; lastKnownFileType = sourcecode.swift; path = WeatherForecastModel.swift; sourceTree = "<group>"; };
		4AD43D4F24BF498B003944E8 /* WeatherDescriptionModel.swift */ = {isa = PBXFileReference; lastKnownFileType = sourcecode.swift; path = WeatherDescriptionModel.swift; sourceTree = "<group>"; };
		4AD43D5124BF4A66003944E8 /* WeatherMeasurementModel.swift */ = {isa = PBXFileReference; lastKnownFileType = sourcecode.swift; path = WeatherMeasurementModel.swift; sourceTree = "<group>"; };
		4AD43D5324BF4ECD003944E8 /* CityModel.swift */ = {isa = PBXFileReference; lastKnownFileType = sourcecode.swift; path = CityModel.swift; sourceTree = "<group>"; };
		4AD43D5624BF505F003944E8 /* WeatherForecastService.swift */ = {isa = PBXFileReference; lastKnownFileType = sourcecode.swift; path = WeatherForecastService.swift; sourceTree = "<group>"; };
/* End PBXFileReference section */

/* Begin PBXFrameworksBuildPhase section */
		4AB656DE24BEF39600207F4E /* Frameworks */ = {
			isa = PBXFrameworksBuildPhase;
			buildActionMask = 2147483647;
			files = (
			);
			runOnlyForDeploymentPostprocessing = 0;
		};
		4AB656F424BEF39900207F4E /* Frameworks */ = {
			isa = PBXFrameworksBuildPhase;
			buildActionMask = 2147483647;
			files = (
			);
			runOnlyForDeploymentPostprocessing = 0;
		};
		4AB656FF24BEF39900207F4E /* Frameworks */ = {
			isa = PBXFrameworksBuildPhase;
			buildActionMask = 2147483647;
			files = (
			);
			runOnlyForDeploymentPostprocessing = 0;
		};
/* End PBXFrameworksBuildPhase section */

/* Begin PBXGroup section */
		4A3912D024C195010056FCAF /* Binder */ = {
			isa = PBXGroup;
			children = (
				4A3912D124C195100056FCAF /* Bindable.swift */,
			);
			path = Binder;
			sourceTree = "<group>";
		};
		4A3912D324C1AE460056FCAF /* Search City */ = {
			isa = PBXGroup;
			children = (
				4A3912C524C188AD0056FCAF /* SearchVC.swift */,
				4A3912CA24C18A400056FCAF /* SearchVM.swift */,
				4A3912C724C189440056FCAF /* SearchTableViewCell.swift */,
				4A3912CC24C18D860056FCAF /* SearchTableViewCellVM.swift */,
			);
			path = "Search City";
			sourceTree = "<group>";
		};
		4AB656D824BEF39600207F4E = {
			isa = PBXGroup;
			children = (
				4AB656E324BEF39600207F4E /* Weather Application */,
				4AB656FA24BEF39900207F4E /* Weather ApplicationTests */,
				4AB6570524BEF39900207F4E /* Weather ApplicationUITests */,
				4AB656E224BEF39600207F4E /* Products */,
			);
			sourceTree = "<group>";
		};
		4AB656E224BEF39600207F4E /* Products */ = {
			isa = PBXGroup;
			children = (
				4AB656E124BEF39600207F4E /* Weather Application.app */,
				4AB656F724BEF39900207F4E /* Weather ApplicationTests.xctest */,
				4AB6570224BEF39900207F4E /* Weather ApplicationUITests.xctest */,
			);
			name = Products;
			sourceTree = "<group>";
		};
		4AB656E324BEF39600207F4E /* Weather Application */ = {
			isa = PBXGroup;
			children = (
				4A3912D024C195010056FCAF /* Binder */,
				4AD43D5524BF503F003944E8 /* Service */,
				4AD43D4524BF27E0003944E8 /* Models */,
				4AD43D4224BF2788003944E8 /* Utilities */,
				4AD43D2E24BF2050003944E8 /* Constants */,
				4AD43D2824BF1724003944E8 /* Storyboards */,
				4AD43D2724BF171A003944E8 /* Assets */,
				4AD43D2624BF1706003944E8 /* Source */,
				4AD43D2524BF16D3003944E8 /* AppDelegate */,
				4AD43D2424BF16B8003944E8 /* Networking */,
				4AB656F224BEF39900207F4E /* Info.plist */,
			);
			path = "Weather Application";
			sourceTree = "<group>";
		};
		4AB656FA24BEF39900207F4E /* Weather ApplicationTests */ = {
			isa = PBXGroup;
			children = (
				4AB656FB24BEF39900207F4E /* Weather_ApplicationTests.swift */,
				4AB656FD24BEF39900207F4E /* Info.plist */,
			);
			path = "Weather ApplicationTests";
			sourceTree = "<group>";
		};
		4AB6570524BEF39900207F4E /* Weather ApplicationUITests */ = {
			isa = PBXGroup;
			children = (
				4AB6570624BEF39900207F4E /* Weather_ApplicationUITests.swift */,
				4AB6570824BEF39900207F4E /* Info.plist */,
			);
			path = "Weather ApplicationUITests";
			sourceTree = "<group>";
		};
		4AD43D2424BF16B8003944E8 /* Networking */ = {
			isa = PBXGroup;
			children = (
				4AD43D4824BF299F003944E8 /* Reachability */,
				4AD43D3F24BF25F1003944E8 /* NetworkHandler */,
				4AD43D3A24BF24F7003944E8 /* NetworkRouting */,
				4AD43D3124BF2183003944E8 /* HTTPHandlers */,
				4AD43D2D24BF1802003944E8 /* EndPoints */,
			);
			path = Networking;
			sourceTree = "<group>";
		};
		4AD43D2524BF16D3003944E8 /* AppDelegate */ = {
			isa = PBXGroup;
			children = (
				4AB656E624BEF39600207F4E /* SceneDelegate.swift */,
				4AB656E424BEF39600207F4E /* AppDelegate.swift */,
			);
			path = AppDelegate;
			sourceTree = "<group>";
		};
		4AD43D2624BF1706003944E8 /* Source */ = {
			isa = PBXGroup;
			children = (
				4A3912D324C1AE460056FCAF /* Search City */,
				4AB656E824BEF39600207F4E /* ViewController.swift */,
			);
			path = Source;
			sourceTree = "<group>";
		};
		4AD43D2724BF171A003944E8 /* Assets */ = {
			isa = PBXGroup;
			children = (
				4AB656ED24BEF39900207F4E /* Assets.xcassets */,
			);
			path = Assets;
			sourceTree = "<group>";
		};
		4AD43D2824BF1724003944E8 /* Storyboards */ = {
			isa = PBXGroup;
			children = (
				4AB656EA24BEF39600207F4E /* Main.storyboard */,
				4AB656EF24BEF39900207F4E /* LaunchScreen.storyboard */,
			);
			path = Storyboards;
			sourceTree = "<group>";
		};
		4AD43D2D24BF1802003944E8 /* EndPoints */ = {
			isa = PBXGroup;
			children = (
				4AD43D2B24BF1793003944E8 /* EndPointType.swift */,
				4AD43D2924BF175F003944E8 /* WeatherAPI.swift */,
			);
			path = EndPoints;
			sourceTree = "<group>";
		};
		4AD43D2E24BF2050003944E8 /* Constants */ = {
			isa = PBXGroup;
			children = (
				4AD43D2F24BF2066003944E8 /* Constants.swift */,
			);
			path = Constants;
			sourceTree = "<group>";
		};
		4AD43D3124BF2183003944E8 /* HTTPHandlers */ = {
			isa = PBXGroup;
			children = (
				4AD43D3224BF2199003944E8 /* HTTPMethod.swift */,
				4AD43D3424BF21AD003944E8 /* HTTPTask.swift */,
				4AD43D3624BF220D003944E8 /* HTTPParameterEncoder.swift */,
				4AD43D3824BF23DD003944E8 /* HTTPURLParameterEncoder.swift */,
			);
			path = HTTPHandlers;
			sourceTree = "<group>";
		};
		4AD43D3A24BF24F7003944E8 /* NetworkRouting */ = {
			isa = PBXGroup;
			children = (
				4AD43D3B24BF2556003944E8 /* NetworkRouter.swift */,
				4AD43D3D24BF2574003944E8 /* Router.swift */,
			);
			path = NetworkRouting;
			sourceTree = "<group>";
		};
		4AD43D3F24BF25F1003944E8 /* NetworkHandler */ = {
			isa = PBXGroup;
			children = (
				4AD43D4024BF2605003944E8 /* NetworkHandler.swift */,
			);
			path = NetworkHandler;
			sourceTree = "<group>";
		};
		4AD43D4224BF2788003944E8 /* Utilities */ = {
			isa = PBXGroup;
			children = (
				4AD43D4324BF27A0003944E8 /* DataModelDecoder.swift */,
			);
			path = Utilities;
			sourceTree = "<group>";
		};
		4AD43D4524BF27E0003944E8 /* Models */ = {
			isa = PBXGroup;
			children = (
				4AD43D4624BF27F2003944E8 /* ErrorModel.swift */,
				4AD43D4B24BF449B003944E8 /* WeatherForecastResult.swift */,
				4AD43D4D24BF4638003944E8 /* WeatherForecastModel.swift */,
				4AD43D4F24BF498B003944E8 /* WeatherDescriptionModel.swift */,
				4AD43D5124BF4A66003944E8 /* WeatherMeasurementModel.swift */,
				4AD43D5324BF4ECD003944E8 /* CityModel.swift */,
			);
			path = Models;
			sourceTree = "<group>";
		};
		4AD43D4824BF299F003944E8 /* Reachability */ = {
			isa = PBXGroup;
			children = (
				4AD43D4924BF29BA003944E8 /* Network Reachability.swift */,
			);
			path = Reachability;
			sourceTree = "<group>";
		};
		4AD43D5524BF503F003944E8 /* Service */ = {
			isa = PBXGroup;
			children = (
				4ABB145C24C05BEA003A3681 /* city.list.json */,
				4AD43D5624BF505F003944E8 /* WeatherForecastService.swift */,
				4ABB145A24C05639003A3681 /* CitiesService.swift */,
			);
			path = Service;
			sourceTree = "<group>";
		};
/* End PBXGroup section */

/* Begin PBXNativeTarget section */
		4AB656E024BEF39600207F4E /* Weather Application */ = {
			isa = PBXNativeTarget;
			buildConfigurationList = 4AB6570B24BEF39900207F4E /* Build configuration list for PBXNativeTarget "Weather Application" */;
			buildPhases = (
				4AB656DD24BEF39600207F4E /* Sources */,
				4AB656DE24BEF39600207F4E /* Frameworks */,
				4AB656DF24BEF39600207F4E /* Resources */,
			);
			buildRules = (
			);
			dependencies = (
			);
			name = "Weather Application";
			productName = "Weather Application";
			productReference = 4AB656E124BEF39600207F4E /* Weather Application.app */;
			productType = "com.apple.product-type.application";
		};
		4AB656F624BEF39900207F4E /* Weather ApplicationTests */ = {
			isa = PBXNativeTarget;
			buildConfigurationList = 4AB6570E24BEF39900207F4E /* Build configuration list for PBXNativeTarget "Weather ApplicationTests" */;
			buildPhases = (
				4AB656F324BEF39900207F4E /* Sources */,
				4AB656F424BEF39900207F4E /* Frameworks */,
				4AB656F524BEF39900207F4E /* Resources */,
			);
			buildRules = (
			);
			dependencies = (
				4AB656F924BEF39900207F4E /* PBXTargetDependency */,
			);
			name = "Weather ApplicationTests";
			productName = "Weather ApplicationTests";
			productReference = 4AB656F724BEF39900207F4E /* Weather ApplicationTests.xctest */;
			productType = "com.apple.product-type.bundle.unit-test";
		};
		4AB6570124BEF39900207F4E /* Weather ApplicationUITests */ = {
			isa = PBXNativeTarget;
			buildConfigurationList = 4AB6571124BEF39900207F4E /* Build configuration list for PBXNativeTarget "Weather ApplicationUITests" */;
			buildPhases = (
				4AB656FE24BEF39900207F4E /* Sources */,
				4AB656FF24BEF39900207F4E /* Frameworks */,
				4AB6570024BEF39900207F4E /* Resources */,
			);
			buildRules = (
			);
			dependencies = (
				4AB6570424BEF39900207F4E /* PBXTargetDependency */,
			);
			name = "Weather ApplicationUITests";
			productName = "Weather ApplicationUITests";
			productReference = 4AB6570224BEF39900207F4E /* Weather ApplicationUITests.xctest */;
			productType = "com.apple.product-type.bundle.ui-testing";
		};
/* End PBXNativeTarget section */

/* Begin PBXProject section */
		4AB656D924BEF39600207F4E /* Project object */ = {
			isa = PBXProject;
			attributes = {
				LastSwiftUpdateCheck = 1150;
				LastUpgradeCheck = 1150;
				ORGANIZATIONNAME = Tintash;
				TargetAttributes = {
					4AB656E024BEF39600207F4E = {
						CreatedOnToolsVersion = 11.5;
					};
					4AB656F624BEF39900207F4E = {
						CreatedOnToolsVersion = 11.5;
						TestTargetID = 4AB656E024BEF39600207F4E;
					};
					4AB6570124BEF39900207F4E = {
						CreatedOnToolsVersion = 11.5;
						TestTargetID = 4AB656E024BEF39600207F4E;
					};
				};
			};
			buildConfigurationList = 4AB656DC24BEF39600207F4E /* Build configuration list for PBXProject "Weather Application" */;
			compatibilityVersion = "Xcode 9.3";
			developmentRegion = en;
			hasScannedForEncodings = 0;
			knownRegions = (
				en,
				Base,
			);
			mainGroup = 4AB656D824BEF39600207F4E;
			productRefGroup = 4AB656E224BEF39600207F4E /* Products */;
			projectDirPath = "";
			projectRoot = "";
			targets = (
				4AB656E024BEF39600207F4E /* Weather Application */,
				4AB656F624BEF39900207F4E /* Weather ApplicationTests */,
				4AB6570124BEF39900207F4E /* Weather ApplicationUITests */,
			);
		};
/* End PBXProject section */

/* Begin PBXResourcesBuildPhase section */
		4AB656DF24BEF39600207F4E /* Resources */ = {
			isa = PBXResourcesBuildPhase;
			buildActionMask = 2147483647;
			files = (
				4AB656F124BEF39900207F4E /* LaunchScreen.storyboard in Resources */,
				4ABB145D24C05BEA003A3681 /* city.list.json in Resources */,
				4AB656EE24BEF39900207F4E /* Assets.xcassets in Resources */,
				4AB656EC24BEF39600207F4E /* Main.storyboard in Resources */,
			);
			runOnlyForDeploymentPostprocessing = 0;
		};
		4AB656F524BEF39900207F4E /* Resources */ = {
			isa = PBXResourcesBuildPhase;
			buildActionMask = 2147483647;
			files = (
			);
			runOnlyForDeploymentPostprocessing = 0;
		};
		4AB6570024BEF39900207F4E /* Resources */ = {
			isa = PBXResourcesBuildPhase;
			buildActionMask = 2147483647;
			files = (
			);
			runOnlyForDeploymentPostprocessing = 0;
		};
/* End PBXResourcesBuildPhase section */

/* Begin PBXSourcesBuildPhase section */
		4AB656DD24BEF39600207F4E /* Sources */ = {
			isa = PBXSourcesBuildPhase;
			buildActionMask = 2147483647;
			files = (
				4A3912C624C188AD0056FCAF /* SearchVC.swift in Sources */,
				4AD43D4A24BF29BA003944E8 /* Network Reachability.swift in Sources */,
				4AD43D4724BF27F2003944E8 /* ErrorModel.swift in Sources */,
				4AB656E924BEF39600207F4E /* ViewController.swift in Sources */,
				4AD43D4C24BF449B003944E8 /* WeatherForecastResult.swift in Sources */,
				4AD43D3C24BF2556003944E8 /* NetworkRouter.swift in Sources */,
				4AD43D5724BF505F003944E8 /* WeatherForecastService.swift in Sources */,
				4AD43D4E24BF4638003944E8 /* WeatherForecastModel.swift in Sources */,
				4AD43D2A24BF175F003944E8 /* WeatherAPI.swift in Sources */,
				4AD43D3924BF23DD003944E8 /* HTTPURLParameterEncoder.swift in Sources */,
				4AD43D3E24BF2574003944E8 /* Router.swift in Sources */,
				4AD43D3324BF2199003944E8 /* HTTPMethod.swift in Sources */,
				4AD43D3724BF220D003944E8 /* HTTPParameterEncoder.swift in Sources */,
				4AD43D5224BF4A66003944E8 /* WeatherMeasurementModel.swift in Sources */,
				4A3912CB24C18A400056FCAF /* SearchVM.swift in Sources */,
				4AB656E524BEF39600207F4E /* AppDelegate.swift in Sources */,
				4AD43D5024BF498B003944E8 /* WeatherDescriptionModel.swift in Sources */,
				4AD43D4124BF2605003944E8 /* NetworkHandler.swift in Sources */,
				4AD43D3524BF21AD003944E8 /* HTTPTask.swift in Sources */,
				4AD43D4424BF27A0003944E8 /* DataModelDecoder.swift in Sources */,
				4A3912C824C189440056FCAF /* SearchTableViewCell.swift in Sources */,
				4AD43D2C24BF1793003944E8 /* EndPointType.swift in Sources */,
				4A3912D224C195110056FCAF /* Bindable.swift in Sources */,
				4AB656E724BEF39600207F4E /* SceneDelegate.swift in Sources */,
				4ABB145B24C05639003A3681 /* CitiesService.swift in Sources */,
				4AD43D3024BF2066003944E8 /* Constants.swift in Sources */,
				4A3912CD24C18D860056FCAF /* SearchTableViewCellVM.swift in Sources */,
				4AD43D5424BF4ECD003944E8 /* CityModel.swift in Sources */,
			);
			runOnlyForDeploymentPostprocessing = 0;
		};
		4AB656F324BEF39900207F4E /* Sources */ = {
			isa = PBXSourcesBuildPhase;
			buildActionMask = 2147483647;
			files = (
				4AB656FC24BEF39900207F4E /* Weather_ApplicationTests.swift in Sources */,
			);
			runOnlyForDeploymentPostprocessing = 0;
		};
		4AB656FE24BEF39900207F4E /* Sources */ = {
			isa = PBXSourcesBuildPhase;
			buildActionMask = 2147483647;
			files = (
				4AB6570724BEF39900207F4E /* Weather_ApplicationUITests.swift in Sources */,
			);
			runOnlyForDeploymentPostprocessing = 0;
		};
/* End PBXSourcesBuildPhase section */

/* Begin PBXTargetDependency section */
		4AB656F924BEF39900207F4E /* PBXTargetDependency */ = {
			isa = PBXTargetDependency;
			target = 4AB656E024BEF39600207F4E /* Weather Application */;
			targetProxy = 4AB656F824BEF39900207F4E /* PBXContainerItemProxy */;
		};
		4AB6570424BEF39900207F4E /* PBXTargetDependency */ = {
			isa = PBXTargetDependency;
			target = 4AB656E024BEF39600207F4E /* Weather Application */;
			targetProxy = 4AB6570324BEF39900207F4E /* PBXContainerItemProxy */;
		};
/* End PBXTargetDependency section */

/* Begin PBXVariantGroup section */
		4AB656EA24BEF39600207F4E /* Main.storyboard */ = {
			isa = PBXVariantGroup;
			children = (
				4AB656EB24BEF39600207F4E /* Base */,
			);
			name = Main.storyboard;
			sourceTree = "<group>";
		};
		4AB656EF24BEF39900207F4E /* LaunchScreen.storyboard */ = {
			isa = PBXVariantGroup;
			children = (
				4AB656F024BEF39900207F4E /* Base */,
			);
			name = LaunchScreen.storyboard;
			sourceTree = "<group>";
		};
/* End PBXVariantGroup section */

/* Begin XCBuildConfiguration section */
		4AB6570924BEF39900207F4E /* Debug */ = {
			isa = XCBuildConfiguration;
			buildSettings = {
				ALWAYS_SEARCH_USER_PATHS = NO;
				CLANG_ANALYZER_NONNULL = YES;
				CLANG_ANALYZER_NUMBER_OBJECT_CONVERSION = YES_AGGRESSIVE;
				CLANG_CXX_LANGUAGE_STANDARD = "gnu++14";
				CLANG_CXX_LIBRARY = "libc++";
				CLANG_ENABLE_MODULES = YES;
				CLANG_ENABLE_OBJC_ARC = YES;
				CLANG_ENABLE_OBJC_WEAK = YES;
				CLANG_WARN_BLOCK_CAPTURE_AUTORELEASING = YES;
				CLANG_WARN_BOOL_CONVERSION = YES;
				CLANG_WARN_COMMA = YES;
				CLANG_WARN_CONSTANT_CONVERSION = YES;
				CLANG_WARN_DEPRECATED_OBJC_IMPLEMENTATIONS = YES;
				CLANG_WARN_DIRECT_OBJC_ISA_USAGE = YES_ERROR;
				CLANG_WARN_DOCUMENTATION_COMMENTS = YES;
				CLANG_WARN_EMPTY_BODY = YES;
				CLANG_WARN_ENUM_CONVERSION = YES;
				CLANG_WARN_INFINITE_RECURSION = YES;
				CLANG_WARN_INT_CONVERSION = YES;
				CLANG_WARN_NON_LITERAL_NULL_CONVERSION = YES;
				CLANG_WARN_OBJC_IMPLICIT_RETAIN_SELF = YES;
				CLANG_WARN_OBJC_LITERAL_CONVERSION = YES;
				CLANG_WARN_OBJC_ROOT_CLASS = YES_ERROR;
				CLANG_WARN_RANGE_LOOP_ANALYSIS = YES;
				CLANG_WARN_STRICT_PROTOTYPES = YES;
				CLANG_WARN_SUSPICIOUS_MOVE = YES;
				CLANG_WARN_UNGUARDED_AVAILABILITY = YES_AGGRESSIVE;
				CLANG_WARN_UNREACHABLE_CODE = YES;
				CLANG_WARN__DUPLICATE_METHOD_MATCH = YES;
				COPY_PHASE_STRIP = NO;
				DEBUG_INFORMATION_FORMAT = dwarf;
				ENABLE_STRICT_OBJC_MSGSEND = YES;
				ENABLE_TESTABILITY = YES;
				GCC_C_LANGUAGE_STANDARD = gnu11;
				GCC_DYNAMIC_NO_PIC = NO;
				GCC_NO_COMMON_BLOCKS = YES;
				GCC_OPTIMIZATION_LEVEL = 0;
				GCC_PREPROCESSOR_DEFINITIONS = (
					"DEBUG=1",
					"$(inherited)",
				);
				GCC_WARN_64_TO_32_BIT_CONVERSION = YES;
				GCC_WARN_ABOUT_RETURN_TYPE = YES_ERROR;
				GCC_WARN_UNDECLARED_SELECTOR = YES;
				GCC_WARN_UNINITIALIZED_AUTOS = YES_AGGRESSIVE;
				GCC_WARN_UNUSED_FUNCTION = YES;
				GCC_WARN_UNUSED_VARIABLE = YES;
				IPHONEOS_DEPLOYMENT_TARGET = 13.5;
				MTL_ENABLE_DEBUG_INFO = INCLUDE_SOURCE;
				MTL_FAST_MATH = YES;
				ONLY_ACTIVE_ARCH = YES;
				SDKROOT = iphoneos;
				SWIFT_ACTIVE_COMPILATION_CONDITIONS = DEBUG;
				SWIFT_OPTIMIZATION_LEVEL = "-Onone";
			};
			name = Debug;
		};
		4AB6570A24BEF39900207F4E /* Release */ = {
			isa = XCBuildConfiguration;
			buildSettings = {
				ALWAYS_SEARCH_USER_PATHS = NO;
				CLANG_ANALYZER_NONNULL = YES;
				CLANG_ANALYZER_NUMBER_OBJECT_CONVERSION = YES_AGGRESSIVE;
				CLANG_CXX_LANGUAGE_STANDARD = "gnu++14";
				CLANG_CXX_LIBRARY = "libc++";
				CLANG_ENABLE_MODULES = YES;
				CLANG_ENABLE_OBJC_ARC = YES;
				CLANG_ENABLE_OBJC_WEAK = YES;
				CLANG_WARN_BLOCK_CAPTURE_AUTORELEASING = YES;
				CLANG_WARN_BOOL_CONVERSION = YES;
				CLANG_WARN_COMMA = YES;
				CLANG_WARN_CONSTANT_CONVERSION = YES;
				CLANG_WARN_DEPRECATED_OBJC_IMPLEMENTATIONS = YES;
				CLANG_WARN_DIRECT_OBJC_ISA_USAGE = YES_ERROR;
				CLANG_WARN_DOCUMENTATION_COMMENTS = YES;
				CLANG_WARN_EMPTY_BODY = YES;
				CLANG_WARN_ENUM_CONVERSION = YES;
				CLANG_WARN_INFINITE_RECURSION = YES;
				CLANG_WARN_INT_CONVERSION = YES;
				CLANG_WARN_NON_LITERAL_NULL_CONVERSION = YES;
				CLANG_WARN_OBJC_IMPLICIT_RETAIN_SELF = YES;
				CLANG_WARN_OBJC_LITERAL_CONVERSION = YES;
				CLANG_WARN_OBJC_ROOT_CLASS = YES_ERROR;
				CLANG_WARN_RANGE_LOOP_ANALYSIS = YES;
				CLANG_WARN_STRICT_PROTOTYPES = YES;
				CLANG_WARN_SUSPICIOUS_MOVE = YES;
				CLANG_WARN_UNGUARDED_AVAILABILITY = YES_AGGRESSIVE;
				CLANG_WARN_UNREACHABLE_CODE = YES;
				CLANG_WARN__DUPLICATE_METHOD_MATCH = YES;
				COPY_PHASE_STRIP = NO;
				DEBUG_INFORMATION_FORMAT = "dwarf-with-dsym";
				ENABLE_NS_ASSERTIONS = NO;
				ENABLE_STRICT_OBJC_MSGSEND = YES;
				GCC_C_LANGUAGE_STANDARD = gnu11;
				GCC_NO_COMMON_BLOCKS = YES;
				GCC_WARN_64_TO_32_BIT_CONVERSION = YES;
				GCC_WARN_ABOUT_RETURN_TYPE = YES_ERROR;
				GCC_WARN_UNDECLARED_SELECTOR = YES;
				GCC_WARN_UNINITIALIZED_AUTOS = YES_AGGRESSIVE;
				GCC_WARN_UNUSED_FUNCTION = YES;
				GCC_WARN_UNUSED_VARIABLE = YES;
				IPHONEOS_DEPLOYMENT_TARGET = 13.5;
				MTL_ENABLE_DEBUG_INFO = NO;
				MTL_FAST_MATH = YES;
				SDKROOT = iphoneos;
				SWIFT_COMPILATION_MODE = wholemodule;
				SWIFT_OPTIMIZATION_LEVEL = "-O";
				VALIDATE_PRODUCT = YES;
			};
			name = Release;
		};
		4AB6570C24BEF39900207F4E /* Debug */ = {
			isa = XCBuildConfiguration;
			buildSettings = {
				ASSETCATALOG_COMPILER_APPICON_NAME = AppIcon;
				CODE_SIGN_STYLE = Automatic;
				INFOPLIST_FILE = "Weather Application/Info.plist";
				LD_RUNPATH_SEARCH_PATHS = (
					"$(inherited)",
					"@executable_path/Frameworks",
				);
				PRODUCT_BUNDLE_IDENTIFIER = "com.example.Weather-Application";
				PRODUCT_NAME = "$(TARGET_NAME)";
				SWIFT_VERSION = 5.0;
				TARGETED_DEVICE_FAMILY = "1,2";
			};
			name = Debug;
		};
		4AB6570D24BEF39900207F4E /* Release */ = {
			isa = XCBuildConfiguration;
			buildSettings = {
				ASSETCATALOG_COMPILER_APPICON_NAME = AppIcon;
				CODE_SIGN_STYLE = Automatic;
				INFOPLIST_FILE = "Weather Application/Info.plist";
				LD_RUNPATH_SEARCH_PATHS = (
					"$(inherited)",
					"@executable_path/Frameworks",
				);
				PRODUCT_BUNDLE_IDENTIFIER = "com.example.Weather-Application";
				PRODUCT_NAME = "$(TARGET_NAME)";
				SWIFT_VERSION = 5.0;
				TARGETED_DEVICE_FAMILY = "1,2";
			};
			name = Release;
		};
		4AB6570F24BEF39900207F4E /* Debug */ = {
			isa = XCBuildConfiguration;
			buildSettings = {
				ALWAYS_EMBED_SWIFT_STANDARD_LIBRARIES = YES;
				BUNDLE_LOADER = "$(TEST_HOST)";
				CODE_SIGN_STYLE = Automatic;
				INFOPLIST_FILE = "Weather ApplicationTests/Info.plist";
				IPHONEOS_DEPLOYMENT_TARGET = 13.5;
				LD_RUNPATH_SEARCH_PATHS = (
					"$(inherited)",
					"@executable_path/Frameworks",
					"@loader_path/Frameworks",
				);
				PRODUCT_BUNDLE_IDENTIFIER = "com.example.Weather-ApplicationTests";
				PRODUCT_NAME = "$(TARGET_NAME)";
				SWIFT_VERSION = 5.0;
				TARGETED_DEVICE_FAMILY = "1,2";
				TEST_HOST = "$(BUILT_PRODUCTS_DIR)/Weather Application.app/Weather Application";
			};
			name = Debug;
		};
		4AB6571024BEF39900207F4E /* Release */ = {
			isa = XCBuildConfiguration;
			buildSettings = {
				ALWAYS_EMBED_SWIFT_STANDARD_LIBRARIES = YES;
				BUNDLE_LOADER = "$(TEST_HOST)";
				CODE_SIGN_STYLE = Automatic;
				INFOPLIST_FILE = "Weather ApplicationTests/Info.plist";
				IPHONEOS_DEPLOYMENT_TARGET = 13.5;
				LD_RUNPATH_SEARCH_PATHS = (
					"$(inherited)",
					"@executable_path/Frameworks",
					"@loader_path/Frameworks",
				);
				PRODUCT_BUNDLE_IDENTIFIER = "com.example.Weather-ApplicationTests";
				PRODUCT_NAME = "$(TARGET_NAME)";
				SWIFT_VERSION = 5.0;
				TARGETED_DEVICE_FAMILY = "1,2";
				TEST_HOST = "$(BUILT_PRODUCTS_DIR)/Weather Application.app/Weather Application";
			};
			name = Release;
		};
		4AB6571224BEF39900207F4E /* Debug */ = {
			isa = XCBuildConfiguration;
			buildSettings = {
				ALWAYS_EMBED_SWIFT_STANDARD_LIBRARIES = YES;
				CODE_SIGN_STYLE = Automatic;
				INFOPLIST_FILE = "Weather ApplicationUITests/Info.plist";
				LD_RUNPATH_SEARCH_PATHS = (
					"$(inherited)",
					"@executable_path/Frameworks",
					"@loader_path/Frameworks",
				);
				PRODUCT_BUNDLE_IDENTIFIER = "com.example.Weather-ApplicationUITests";
				PRODUCT_NAME = "$(TARGET_NAME)";
				SWIFT_VERSION = 5.0;
				TARGETED_DEVICE_FAMILY = "1,2";
				TEST_TARGET_NAME = "Weather Application";
			};
			name = Debug;
		};
		4AB6571324BEF39900207F4E /* Release */ = {
			isa = XCBuildConfiguration;
			buildSettings = {
				ALWAYS_EMBED_SWIFT_STANDARD_LIBRARIES = YES;
				CODE_SIGN_STYLE = Automatic;
				INFOPLIST_FILE = "Weather ApplicationUITests/Info.plist";
				LD_RUNPATH_SEARCH_PATHS = (
					"$(inherited)",
					"@executable_path/Frameworks",
					"@loader_path/Frameworks",
				);
				PRODUCT_BUNDLE_IDENTIFIER = "com.example.Weather-ApplicationUITests";
				PRODUCT_NAME = "$(TARGET_NAME)";
				SWIFT_VERSION = 5.0;
				TARGETED_DEVICE_FAMILY = "1,2";
				TEST_TARGET_NAME = "Weather Application";
			};
			name = Release;
		};
/* End XCBuildConfiguration section */

/* Begin XCConfigurationList section */
		4AB656DC24BEF39600207F4E /* Build configuration list for PBXProject "Weather Application" */ = {
			isa = XCConfigurationList;
			buildConfigurations = (
				4AB6570924BEF39900207F4E /* Debug */,
				4AB6570A24BEF39900207F4E /* Release */,
			);
			defaultConfigurationIsVisible = 0;
			defaultConfigurationName = Release;
		};
		4AB6570B24BEF39900207F4E /* Build configuration list for PBXNativeTarget "Weather Application" */ = {
			isa = XCConfigurationList;
			buildConfigurations = (
				4AB6570C24BEF39900207F4E /* Debug */,
				4AB6570D24BEF39900207F4E /* Release */,
			);
			defaultConfigurationIsVisible = 0;
			defaultConfigurationName = Release;
		};
		4AB6570E24BEF39900207F4E /* Build configuration list for PBXNativeTarget "Weather ApplicationTests" */ = {
			isa = XCConfigurationList;
			buildConfigurations = (
				4AB6570F24BEF39900207F4E /* Debug */,
				4AB6571024BEF39900207F4E /* Release */,
			);
			defaultConfigurationIsVisible = 0;
			defaultConfigurationName = Release;
		};
		4AB6571124BEF39900207F4E /* Build configuration list for PBXNativeTarget "Weather ApplicationUITests" */ = {
			isa = XCConfigurationList;
			buildConfigurations = (
				4AB6571224BEF39900207F4E /* Debug */,
				4AB6571324BEF39900207F4E /* Release */,
			);
			defaultConfigurationIsVisible = 0;
			defaultConfigurationName = Release;
		};
/* End XCConfigurationList section */
	};
	rootObject = 4AB656D924BEF39600207F4E /* Project object */;
}
